
Microsoft Visual Studio Solution File, Format Version 12.00
# Visual Studio Version 16
VisualStudioVersion = 16.0.30907.101
MinimumVisualStudioVersion = 10.0.40219.1
Project("{FAE04EC0-301F-11D3-BF4B-00C04F79EFBC}") = "VolkswagenWeb", "VolkswagenWeb.csproj", "{906B0D11-74C2-4B46-9F2F-C6BDF00C575E}"
EndProject
Global
	GlobalSection(SolutionConfigurationPlatforms) = preSolution
		Debug|Any CPU = Debug|Any CPU
		Release|Any CPU = Release|Any CPU
	EndGlobalSection
	GlobalSection(ProjectConfigurationPlatforms) = postSolution
		{906B0D11-74C2-4B46-9F2F-C6BDF00C575E}.Debug|Any CPU.ActiveCfg = Debug|Any CPU
		{906B0D11-74C2-4B46-9F2F-C6BDF00C575E}.Debug|Any CPU.Build.0 = Debug|Any CPU
		{906B0D11-74C2-4B46-9F2F-C6BDF00C575E}.Release|Any CPU.ActiveCfg = Release|Any CPU
		{906B0D11-74C2-4B46-9F2F-C6BDF00C575E}.Release|Any CPU.Build.0 = Release|Any CPU
	EndGlobalSection
	GlobalSection(SolutionProperties) = preSolution
		HideSolutionNode = FALSE
	EndGlobalSection
	GlobalSection(ExtensibilityGlobals) = postSolution
		SolutionGuid = {A9C654AE-BD87-48A2-8863-E333A896638C}
	EndGlobalSection
EndGlobal
